# THIS IS AN AUTOGENERATED FILE. DO NOT EDIT THIS FILE DIRECTLY.
# yarn lockfile v1


"@aws-crypto/ie11-detection@^1.0.0-alpha.0":
  version "1.0.0-alpha.0"
  resolved "https://registry.yarnpkg.com/@aws-crypto/ie11-detection/-/ie11-detection-1.0.0-alpha.0.tgz#16ca4a9233ec4a90e1d0b2f1712f4aa2043457bd"
  integrity sha512-TQ55S96+aD/iZF/VdgbLqCm2um8mQhjNrlFqQEJkXc12L4taF0wz0FfdFSJ9Uuy6EIf4GjgvbLExgJwxmFqL5A==
  dependencies:
    tslib "^1.9.3"

"@aws-crypto/sha256-browser@^1.0.0-alpha.0":
  version "1.0.0-alpha.0"
  resolved "https://registry.yarnpkg.com/@aws-crypto/sha256-browser/-/sha256-browser-1.0.0-alpha.0.tgz#f438fb3423aa989814b87e6afbc490e1d17f3122"
  integrity sha512-ZhULGaJKI/o8KROknqvnmYX3gphPQL5HLoMdVD5yPEsEsFG7rEIu4ORv2s6uaiqkdEkXZcdS+CNC8ekIndr9QA==
  dependencies:
    "@aws-crypto/ie11-detection" "^1.0.0-alpha.0"
    "@aws-crypto/sha256-js" "^1.0.0-alpha.0"
    "@aws-crypto/supports-web-crypto" "^1.0.0-alpha.0"
    "@aws-sdk/types" "^1.0.0-alpha.0"
    "@aws-sdk/util-locate-window" "^1.0.0-alpha.0"
    "@aws-sdk/util-utf8-browser" "^1.0.0-alpha.0"
    tslib "^1.9.3"

"@aws-crypto/sha256-js@^1.0.0-alpha.0":
  version "1.0.0-alpha.0"
  resolved "https://registry.yarnpkg.com/@aws-crypto/sha256-js/-/sha256-js-1.0.0-alpha.0.tgz#1146f6fa823001a9065ce60db5bf1afcc7c1cc3a"
  integrity sha512-GidX2lccEtHZw8mXDKJQj6tea7qh3pAnsNSp1eZNxsN4MMu2OvSraPSqiB1EihsQkZBMg0IiZPpZHoACUX/QMQ==
  dependencies:
    "@aws-sdk/types" "^1.0.0-alpha.0"
    "@aws-sdk/util-utf8-browser" "^1.0.0-alpha.0"
    tslib "^1.9.3"

"@aws-crypto/supports-web-crypto@^1.0.0-alpha.0":
  version "1.0.0-alpha.0"
  resolved "https://registry.yarnpkg.com/@aws-crypto/supports-web-crypto/-/supports-web-crypto-1.0.0-alpha.0.tgz#f9f2bed724caba3036be73e1f9bf25e01e5f6c42"
  integrity sha512-jVWjNCoEKY49NIWyU1ia1RvtupEZEzOTkYZ1kRH+Z0RqIg9DZksQ7PbSRvxtAv8rTBdyGSgQdEpbFtQtm/ZiRQ==
  dependencies:
    tslib "^1.9.3"

"@aws-sdk/abort-controller@1.0.0-gamma.2":
  version "1.0.0-gamma.2"
  resolved "https://registry.yarnpkg.com/@aws-sdk/abort-controller/-/abort-controller-1.0.0-gamma.2.tgz#e1fd8122241277e2bd6f62ae29b7947eb33304d9"
  integrity sha512-XfNI0EJbJm/Qt15dbkvhlvY1z76Q7MXMjloHH5OEH51lpxBm2+GIFxOyv83F1hkON9ijufXcP3ZOljMx/M1NwA==
  dependencies:
    "@aws-sdk/types" "1.0.0-gamma.2"
    tslib "^1.8.0"

"@aws-sdk/client-sts@1.0.0-gamma.3":
  version "1.0.0-gamma.3"
  resolved "https://registry.yarnpkg.com/@aws-sdk/client-sts/-/client-sts-1.0.0-gamma.3.tgz#52670224e3e7255de64743c97cfa75961d2bf109"
  integrity sha512-uP5P6TQIOCX5YudGGnx+uhIFQuy3m8X4OLx8nNGZKBgtER2Y0ZckaE2I/ZYlVYilWsjHO2kLsavBjS1fMwAYjA==
  dependencies:
    "@aws-crypto/sha256-browser" "^1.0.0-alpha.0"
    "@aws-crypto/sha256-js" "^1.0.0-alpha.0"
    "@aws-sdk/config-resolver" "1.0.0-gamma.2"
    "@aws-sdk/credential-provider-node" "1.0.0-gamma.2"
    "@aws-sdk/fetch-http-handler" "1.0.0-gamma.3"
    "@aws-sdk/hash-node" "1.0.0-gamma.2"
    "@aws-sdk/invalid-dependency" "1.0.0-gamma.2"
    "@aws-sdk/middleware-content-length" "1.0.0-gamma.2"
    "@aws-sdk/middleware-host-header" "1.0.0-gamma.2"
    "@aws-sdk/middleware-retry" "1.0.0-gamma.2"
    "@aws-sdk/middleware-serde" "1.0.0-gamma.2"
    "@aws-sdk/middleware-signing" "1.0.0-gamma.2"
    "@aws-sdk/middleware-stack" "1.0.0-gamma.2"
    "@aws-sdk/middleware-user-agent" "1.0.0-gamma.2"
    "@aws-sdk/node-http-handler" "1.0.0-gamma.2"
    "@aws-sdk/protocol-http" "1.0.0-gamma.2"
    "@aws-sdk/region-provider" "1.0.0-gamma.2"
    "@aws-sdk/retry-config-provider" "1.0.0-gamma.1"
    "@aws-sdk/smithy-client" "1.0.0-gamma.2"
    "@aws-sdk/types" "1.0.0-gamma.2"
    "@aws-sdk/url-parser-browser" "1.0.0-gamma.2"
    "@aws-sdk/url-parser-node" "1.0.0-gamma.2"
    "@aws-sdk/util-base64-browser" "1.0.0-gamma.2"
    "@aws-sdk/util-base64-node" "1.0.0-gamma.2"
    "@aws-sdk/util-body-length-browser" "1.0.0-gamma.2"
    "@aws-sdk/util-body-length-node" "1.0.0-gamma.2"
    "@aws-sdk/util-user-agent-browser" "1.0.0-gamma.2"
    "@aws-sdk/util-user-agent-node" "1.0.0-gamma.2"
    "@aws-sdk/util-utf8-browser" "1.0.0-gamma.2"
    "@aws-sdk/util-utf8-node" "1.0.0-gamma.2"
    fast-xml-parser "^3.16.0"
    tslib "^1.8.0"

"@aws-sdk/config-resolver@1.0.0-gamma.2":
  version "1.0.0-gamma.2"
  resolved "https://registry.yarnpkg.com/@aws-sdk/config-resolver/-/config-resolver-1.0.0-gamma.2.tgz#864d8479672cbfa710406f1369f46c182c43bcda"
  integrity sha512-QVTcs/Iqsv6wyGVKywF02NdsfdajPm8IBQxFIXQ89NWH3CHhv1AL1mbVsfMfVVsZLoObfyO+HfaU90TXDomIuA==
  dependencies:
    "@aws-sdk/signature-v4" "1.0.0-gamma.2"
    "@aws-sdk/types" "1.0.0-gamma.2"
    tslib "^1.8.0"

"@aws-sdk/credential-provider-env@1.0.0-gamma.2":
  version "1.0.0-gamma.2"
  resolved "https://registry.yarnpkg.com/@aws-sdk/credential-provider-env/-/credential-provider-env-1.0.0-gamma.2.tgz#49eeaa6b6441e3cb033cd6e72823d045c5961aa1"
  integrity sha512-x2wIuM7+c0KPz3xaUK/xuFf9u0DF8eACw4O6hQ5W+GDyBRYa1PC25DO5zOH2LufcCWgDU/ulH+AP03bwFZaIxg==
  dependencies:
    "@aws-sdk/property-provider" "1.0.0-gamma.2"
    "@aws-sdk/types" "1.0.0-gamma.2"
    tslib "^1.8.0"

"@aws-sdk/credential-provider-imds@1.0.0-gamma.2":
  version "1.0.0-gamma.2"
  resolved "https://registry.yarnpkg.com/@aws-sdk/credential-provider-imds/-/credential-provider-imds-1.0.0-gamma.2.tgz#17ecc8ac4ab65dc61229fe916a19a3e58024807c"
  integrity sha512-EKutNU0V2yjRf238vDhi99DlQQeU62NnSReeNi3/2zoMMeCTCDnq8VwqnkskyQ/yRwdl2fgOJEJW5oV/gs1KMw==
  dependencies:
    "@aws-sdk/property-provider" "1.0.0-gamma.2"
    "@aws-sdk/types" "1.0.0-gamma.2"
    tslib "^1.8.0"

"@aws-sdk/credential-provider-ini@1.0.0-gamma.2":
  version "1.0.0-gamma.2"
  resolved "https://registry.yarnpkg.com/@aws-sdk/credential-provider-ini/-/credential-provider-ini-1.0.0-gamma.2.tgz#09c33c30a3cc06d4d9809f1bcae4247a4a16f1be"
  integrity sha512-pMapHIr7UZmolbmIMFeGI7vH8L1fLWmz8Ryh9FE5EFU63GNgcU0uuVgr5zCpOMAyOwaaK/Mv6NtpesdiUtfhPg==
  dependencies:
    "@aws-sdk/property-provider" "1.0.0-gamma.2"
    "@aws-sdk/shared-ini-file-loader" "1.0.0-gamma.2"
    "@aws-sdk/types" "1.0.0-gamma.2"
    tslib "^1.8.0"

"@aws-sdk/credential-provider-node@1.0.0-gamma.2":
  version "1.0.0-gamma.2"
  resolved "https://registry.yarnpkg.com/@aws-sdk/credential-provider-node/-/credential-provider-node-1.0.0-gamma.2.tgz#47890ff9da3975619658e83b391f1b68ad26fd83"
  integrity sha512-saqPLlzOuXsIAIPpQbGkqDN9DG6t2be1DaGc23pxmZfm98a1vUJO5kZ9ZleNTyihpHJ3+JbdwnCgaO4Vmjlv4w==
  dependencies:
    "@aws-sdk/credential-provider-env" "1.0.0-gamma.2"
    "@aws-sdk/credential-provider-imds" "1.0.0-gamma.2"
    "@aws-sdk/credential-provider-ini" "1.0.0-gamma.2"
    "@aws-sdk/credential-provider-process" "1.0.0-gamma.2"
    "@aws-sdk/property-provider" "1.0.0-gamma.2"
    "@aws-sdk/types" "1.0.0-gamma.2"
    tslib "^1.8.0"

"@aws-sdk/credential-provider-process@1.0.0-gamma.2":
  version "1.0.0-gamma.2"
  resolved "https://registry.yarnpkg.com/@aws-sdk/credential-provider-process/-/credential-provider-process-1.0.0-gamma.2.tgz#441b1e61ebf11be0888e9dd2715e9469fc0d43ff"
  integrity sha512-WSVz6IYF5EHP8nbr4cvq9BP85I7krbcpcHl30tLlzlSoGCxaLZdx/2aqDUJtrmMT61C8UoyMD6OwPFz5TqwxDQ==
  dependencies:
    "@aws-sdk/credential-provider-ini" "1.0.0-gamma.2"
    "@aws-sdk/property-provider" "1.0.0-gamma.2"
    "@aws-sdk/shared-ini-file-loader" "1.0.0-gamma.2"
    "@aws-sdk/types" "1.0.0-gamma.2"
    tslib "^1.8.0"

"@aws-sdk/fetch-http-handler@1.0.0-gamma.3":
  version "1.0.0-gamma.3"
  resolved "https://registry.yarnpkg.com/@aws-sdk/fetch-http-handler/-/fetch-http-handler-1.0.0-gamma.3.tgz#2309af7fc506abee818968b7b5b817fe22c408a8"
  integrity sha512-zh+yqqF9XN6K8m27yByIou5lf93ZsHk3p42uIm6PozDRl31S22xYjczMLTsFzjR/X/1o9Z6Q+OLBD66LwqDiLw==
  dependencies:
    "@aws-sdk/protocol-http" "1.0.0-gamma.2"
    "@aws-sdk/querystring-builder" "1.0.0-gamma.2"
    "@aws-sdk/types" "1.0.0-gamma.2"
    "@aws-sdk/util-base64-browser" "1.0.0-gamma.2"
    tslib "^1.8.0"

"@aws-sdk/hash-node@1.0.0-gamma.2":
  version "1.0.0-gamma.2"
  resolved "https://registry.yarnpkg.com/@aws-sdk/hash-node/-/hash-node-1.0.0-gamma.2.tgz#69bc9af4f39a1a8c622f39d5dded78a83425b1bd"
  integrity sha512-NChp3GD1FWJcFv012TiCNCxhgGNBFYkM3TiZkZGpcV+dx5P5lhsTxxeL4O4+XO7jN9YDPFFT9W0SWpT48lzXfg==
  dependencies:
    "@aws-sdk/types" "1.0.0-gamma.2"
    "@aws-sdk/util-buffer-from" "1.0.0-gamma.2"
    tslib "^1.8.0"

"@aws-sdk/invalid-dependency@1.0.0-gamma.2":
  version "1.0.0-gamma.2"
  resolved "https://registry.yarnpkg.com/@aws-sdk/invalid-dependency/-/invalid-dependency-1.0.0-gamma.2.tgz#cc940ec80d9f9a1eab21d017aa0621bb9a2f9bb2"
  integrity sha512-/C9FxK3YCPV9cDH/MrfGsxz1stRCI2ZYtNjwPnEOKHKwrQ7CubBwsviu6h3CfaRrfN0R5ctQZKX4qP71POk73w==
  dependencies:
    tslib "^1.8.0"

"@aws-sdk/is-array-buffer@1.0.0-gamma.2":
  version "1.0.0-gamma.2"
  resolved "https://registry.yarnpkg.com/@aws-sdk/is-array-buffer/-/is-array-buffer-1.0.0-gamma.2.tgz#c5ba8cfe3ad6ecd9e398b2936b5cc95ffdef1e64"
  integrity sha512-6cHgzXqhVbRFKKjuB7AkeL9uMydKsgJMmqiW0td0jaf/WlEGwP7vuoFi26hdOLuEiKYsqjJpwrP5DXdf5R14iQ==
  dependencies:
    tslib "^1.8.0"

"@aws-sdk/middleware-content-length@1.0.0-gamma.2":
  version "1.0.0-gamma.2"
  resolved "https://registry.yarnpkg.com/@aws-sdk/middleware-content-length/-/middleware-content-length-1.0.0-gamma.2.tgz#8a9f45477a7b0f7ecae49d4b862221f77c67ac5d"
  integrity sha512-n/YfGkLmRUrcerXY2GBorT/Wj5ghWMfIorDt8atIJ+DxMjqcmbyh+SZSjw3vivjafeMMfYJeY4JYClrhP24n0Q==
  dependencies:
    "@aws-sdk/protocol-http" "1.0.0-gamma.2"
    "@aws-sdk/types" "1.0.0-gamma.2"
    tslib "^1.8.0"

"@aws-sdk/middleware-host-header@1.0.0-gamma.2":
  version "1.0.0-gamma.2"
  resolved "https://registry.yarnpkg.com/@aws-sdk/middleware-host-header/-/middleware-host-header-1.0.0-gamma.2.tgz#4d0b3d343504852aaf78334bdab91d9caebf9cbd"
  integrity sha512-ElfeLcRT2Jn2iuAPqBnFttOPm9h5VkPIqPwXA3+TWj8z6dASLw6/QkmBzHTLEzSniCC1JQ8Gm5mzxWFQ+ObPzw==
  dependencies:
    "@aws-sdk/protocol-http" "1.0.0-gamma.2"
    "@aws-sdk/types" "1.0.0-gamma.2"
    tslib "^1.8.0"

"@aws-sdk/middleware-retry@1.0.0-gamma.2":
  version "1.0.0-gamma.2"
  resolved "https://registry.yarnpkg.com/@aws-sdk/middleware-retry/-/middleware-retry-1.0.0-gamma.2.tgz#fdc4ad22b5f7567923460cba42f2b5d21a70d0a9"
  integrity sha512-dy0iLYZ9eRPC2NaGowaldFnQbziXVhjIwmEzYncFg2+1j9wgsmYt3DeHVsSPiDsXGiQLbPL4Uht/ybWIaDl7Qg==
  dependencies:
    "@aws-sdk/protocol-http" "1.0.0-gamma.2"
    "@aws-sdk/retry-config-provider" "1.0.0-gamma.1"
    "@aws-sdk/service-error-classification" "1.0.0-gamma.2"
    "@aws-sdk/types" "1.0.0-gamma.2"
    react-native-get-random-values "^1.4.0"
    tslib "^1.8.0"
    uuid "^3.0.0"

"@aws-sdk/middleware-serde@1.0.0-gamma.2":
  version "1.0.0-gamma.2"
  resolved "https://registry.yarnpkg.com/@aws-sdk/middleware-serde/-/middleware-serde-1.0.0-gamma.2.tgz#367fd27279e03c746137bc093ed03728bcfedf7b"
  integrity sha512-LSK9bn3dy19ITAEmKnphS9vBqvmwtTMFkee0SmKQRnlmxPbWr5VP7BD75IUoMG8dlNpyRLgJkCXbLFmPLPVPKQ==
  dependencies:
    "@aws-sdk/types" "1.0.0-gamma.2"
    tslib "^1.8.0"

"@aws-sdk/middleware-signing@1.0.0-gamma.2":
  version "1.0.0-gamma.2"
  resolved "https://registry.yarnpkg.com/@aws-sdk/middleware-signing/-/middleware-signing-1.0.0-gamma.2.tgz#f45bd9a70602d18e2a8a2abaa866848b268cc829"
  integrity sha512-WT/Sl54sYhiwePeMzOu+IjpMt7cCBtg4Biu8LFKjIBcApR6p380iBTgBZO4FrlfFwpRv/3372Mhg1YRMspwiAg==
  dependencies:
    "@aws-sdk/protocol-http" "1.0.0-gamma.2"
    "@aws-sdk/signature-v4" "1.0.0-gamma.2"
    "@aws-sdk/types" "1.0.0-gamma.2"
    tslib "^1.8.0"

"@aws-sdk/middleware-stack@1.0.0-gamma.2":
  version "1.0.0-gamma.2"
  resolved "https://registry.yarnpkg.com/@aws-sdk/middleware-stack/-/middleware-stack-1.0.0-gamma.2.tgz#2e84a7bc782acff80476615099950478f1869621"
  integrity sha512-Sngy0werJK87ATA1Tv15CxaiZFoUL0NjqY3osWgThaWSNZRuI59DVK8/3JxqfOWumXwRWcQSOmi71L2rs5WsAA==
  dependencies:
    "@aws-sdk/types" "1.0.0-gamma.2"
    tslib "^1.8.0"

"@aws-sdk/middleware-user-agent@1.0.0-gamma.2":
  version "1.0.0-gamma.2"
  resolved "https://registry.yarnpkg.com/@aws-sdk/middleware-user-agent/-/middleware-user-agent-1.0.0-gamma.2.tgz#04bcac08bb05d028a99424d5d8990c6a6084152a"
  integrity sha512-O8TCUzKFQqeu8JOQSLxFB632JXV3W+znu0SZ1HseOmygjm5Q+pKtkf66IjWTWte531wl6TxEFCVUv3QG22rxtQ==
  dependencies:
    "@aws-sdk/protocol-http" "1.0.0-gamma.2"
    "@aws-sdk/types" "1.0.0-gamma.2"
    tslib "^1.8.0"

"@aws-sdk/node-http-handler@1.0.0-gamma.2":
  version "1.0.0-gamma.2"
  resolved "https://registry.yarnpkg.com/@aws-sdk/node-http-handler/-/node-http-handler-1.0.0-gamma.2.tgz#343bcf6aa8efa5732159eab512b8bc3e7d089f96"
  integrity sha512-354UOBLb4+68cxuB9rg0XZcuwGFrBSLgo93WCWTJSGYFnia5PerdlbB0hwHxUMbmakQAUx/EwW6z+8Wm8UadTg==
  dependencies:
    "@aws-sdk/abort-controller" "1.0.0-gamma.2"
    "@aws-sdk/protocol-http" "1.0.0-gamma.2"
    "@aws-sdk/querystring-builder" "1.0.0-gamma.2"
    "@aws-sdk/types" "1.0.0-gamma.2"
    tslib "^1.8.0"

"@aws-sdk/property-provider@1.0.0-gamma.2":
  version "1.0.0-gamma.2"
  resolved "https://registry.yarnpkg.com/@aws-sdk/property-provider/-/property-provider-1.0.0-gamma.2.tgz#abb95ad7e7b7dd6e68248262d3e5d1f4ad6ed090"
  integrity sha512-HPSSPF+A4oNRO2/J7nrTF97io5RGJ9Ht/RqjYDA83Fv+OYFj+TMTuGALCBwSljP1E6q+lgxr4XtWgiBIXpFp7A==
  dependencies:
    "@aws-sdk/types" "1.0.0-gamma.2"
    tslib "^1.8.0"

"@aws-sdk/protocol-http@1.0.0-gamma.2":
  version "1.0.0-gamma.2"
  resolved "https://registry.yarnpkg.com/@aws-sdk/protocol-http/-/protocol-http-1.0.0-gamma.2.tgz#02ca4e93872579f16a2df4a5a9a6069eaf98fd07"
  integrity sha512-CHbjQgW2yZ5u0DEYhRodE9aerH8AWv8bmGC5Yl/4Dx3px1N40VRa2S5dGTDAoDgIfxDG37UL0HvltMQwOuqDUQ==
  dependencies:
    "@aws-sdk/types" "1.0.0-gamma.2"
    tslib "^1.8.0"

"@aws-sdk/querystring-builder@1.0.0-gamma.2":
  version "1.0.0-gamma.2"
  resolved "https://registry.yarnpkg.com/@aws-sdk/querystring-builder/-/querystring-builder-1.0.0-gamma.2.tgz#4f2f2b2596f2949d73bd371df9a216f3f7ad6459"
  integrity sha512-tzbAZYm2SLoC0D5QH5zAvVFRx4jPe0OimKx1Fme14MG2VMn4bWLAuc8v4rtuby+l0sSYzg36rkOZWj7gKrqP5A==
  dependencies:
    "@aws-sdk/types" "1.0.0-gamma.2"
    "@aws-sdk/util-uri-escape" "1.0.0-gamma.2"
    tslib "^1.8.0"

"@aws-sdk/querystring-parser@1.0.0-gamma.2":
  version "1.0.0-gamma.2"
  resolved "https://registry.yarnpkg.com/@aws-sdk/querystring-parser/-/querystring-parser-1.0.0-gamma.2.tgz#49b150111601fe4aebf1501b1a4ce2307118f261"
  integrity sha512-7iQbks3jaRdzznLpDdVrQstMjTctrfizfjg8hpQGQOXnGh8lsoG1ATnQHzmDuwYISbNeU38LimDiVkXoxyaklw==
  dependencies:
    "@aws-sdk/types" "1.0.0-gamma.2"
    tslib "^1.8.0"

"@aws-sdk/region-provider@1.0.0-gamma.2":
  version "1.0.0-gamma.2"
  resolved "https://registry.yarnpkg.com/@aws-sdk/region-provider/-/region-provider-1.0.0-gamma.2.tgz#cae36398a34e1c6f5b31c70047773603c8a5cb57"
  integrity sha512-WW2Wy9jS3zNuOZmb2OYreeQotRWk3/4riEj6lga/u4mZ7caI3Ku9zAjXAS8pXFc0Nv55+yJ5pVZEq7/w4xnYNQ==
  dependencies:
    "@aws-sdk/property-provider" "1.0.0-gamma.2"
    "@aws-sdk/shared-ini-file-loader" "1.0.0-gamma.2"
    "@aws-sdk/types" "1.0.0-gamma.2"
    tslib "^1.8.0"

"@aws-sdk/retry-config-provider@1.0.0-gamma.1":
  version "1.0.0-gamma.1"
  resolved "https://registry.yarnpkg.com/@aws-sdk/retry-config-provider/-/retry-config-provider-1.0.0-gamma.1.tgz#c510ccd3f57a05d7703678b6936163acd7a3cf9e"
  integrity sha512-YGr9pU8D2+e7xvDd6APsWFslIrUFO71fGvReNOtPJSMmRGNThZQTCB0ofr7iyVTKN0uotBLMGWK4dj8bRLfdiQ==
  dependencies:
    "@aws-sdk/property-provider" "1.0.0-gamma.2"
    "@aws-sdk/shared-ini-file-loader" "1.0.0-gamma.2"
    "@aws-sdk/types" "1.0.0-gamma.2"
    tslib "^1.8.0"

"@aws-sdk/service-error-classification@1.0.0-gamma.2":
  version "1.0.0-gamma.2"
  resolved "https://registry.yarnpkg.com/@aws-sdk/service-error-classification/-/service-error-classification-1.0.0-gamma.2.tgz#feb024de00135fdba80156f852fd454b444bba9b"
  integrity sha512-z2iw30WOZEJAvAc4y6BGE/hs0E1m+Hift9X3wwGi4kDDnZWr/oRyvDTivLXqp+IsdzwpSyA2sCKqd0GEIxI5Uw==

"@aws-sdk/shared-ini-file-loader@1.0.0-gamma.2":
  version "1.0.0-gamma.2"
  resolved "https://registry.yarnpkg.com/@aws-sdk/shared-ini-file-loader/-/shared-ini-file-loader-1.0.0-gamma.2.tgz#f7882c9d722fd04f7ba7a1ea78233b98e3c1303f"
  integrity sha512-8MGqq4UlwNXrnw0/w/qQkgng3rMHgazZ93hG2diTSNN0vz8/JCKAgGVRDOKLBRXx4LiwldODt2xjU0Dzfc4h/Q==
  dependencies:
    tslib "^1.8.0"

"@aws-sdk/signature-v4@1.0.0-gamma.2":
  version "1.0.0-gamma.2"
  resolved "https://registry.yarnpkg.com/@aws-sdk/signature-v4/-/signature-v4-1.0.0-gamma.2.tgz#8a52bc30eca9a80926e90dbba0e884fbe6841c0b"
  integrity sha512-9ZBlZVTciHQbR3KOL5aLHMpcjndvA9Ztwes5j2zrt7w9RfJKg24sYDO9LeFKphLqlzBndlpC8SR6MQBRuulf/g==
  dependencies:
    "@aws-sdk/is-array-buffer" "1.0.0-gamma.2"
    "@aws-sdk/types" "1.0.0-gamma.2"
    "@aws-sdk/util-hex-encoding" "1.0.0-gamma.2"
    "@aws-sdk/util-uri-escape" "1.0.0-gamma.2"
    tslib "^1.8.0"

"@aws-sdk/smithy-client@1.0.0-gamma.2":
  version "1.0.0-gamma.2"
  resolved "https://registry.yarnpkg.com/@aws-sdk/smithy-client/-/smithy-client-1.0.0-gamma.2.tgz#3657e1ea9c6f56284b4ba6c2506c67d2e251ddf7"
  integrity sha512-NltntkB8wBM9FYZE29lq2dLyPhuUME42VrlXEiLgbX4avAACFeAGax098Nu5oBeu0b7tuZjEta8a9uC4MVKIQg==
  dependencies:
    "@aws-sdk/middleware-stack" "1.0.0-gamma.2"
    "@aws-sdk/types" "1.0.0-gamma.2"
    tslib "^1.8.0"

"@aws-sdk/types@1.0.0-gamma.2":
  version "1.0.0-gamma.2"
  resolved "https://registry.yarnpkg.com/@aws-sdk/types/-/types-1.0.0-gamma.2.tgz#15abef976629dab2f64e90258a999d73551b9c37"
  integrity sha512-jX59Pouw4+9QZIDZ4Bju6EmZtR9v8/a+qtct8vQ4TDAj2SB11eYMDOSOpkTQEVkMwxBixrzD6BIOUzcFR5PpSw==

"@aws-sdk/types@^1.0.0-alpha.0":
  version "1.0.0-beta.4"
  resolved "https://registry.yarnpkg.com/@aws-sdk/types/-/types-1.0.0-beta.4.tgz#44a614f39aafb80430a85fe59507f83a5953c517"
  integrity sha512-32ZVLz5r7XUEZdvL1zonL8idVozxKQifgqiNf5BNFrHo7Fx26rm18c3Hx2jDFN9xh71iNlVpP6EUDPkSDZlq3Q==

"@aws-sdk/url-parser-browser@1.0.0-gamma.2":
  version "1.0.0-gamma.2"
  resolved "https://registry.yarnpkg.com/@aws-sdk/url-parser-browser/-/url-parser-browser-1.0.0-gamma.2.tgz#32f289b44957d1715f3bfd75ca69c26de73cffb0"
  integrity sha512-mtsIqCdM1GCWsNDF3ABh4TwJu4x6LRHmpv/UxDh01kEEDQW6qBmwlEGQvX1v2o9e50aeMy1BnJwzznlhIgTp7A==
  dependencies:
    "@aws-sdk/querystring-parser" "1.0.0-gamma.2"
    "@aws-sdk/types" "1.0.0-gamma.2"
    tslib "^1.8.0"

"@aws-sdk/url-parser-node@1.0.0-gamma.2":
  version "1.0.0-gamma.2"
  resolved "https://registry.yarnpkg.com/@aws-sdk/url-parser-node/-/url-parser-node-1.0.0-gamma.2.tgz#8f12c74efd11549e3a5434d08bf4366585e9380b"
  integrity sha512-pnV3jRd7Bo16O2pC8FFWDs0xrmIj51DUCPD+biR5oY74xRncK9URlfgrrLBX0KPoNAaypyQs5dpfPj4MlNTzqQ==
  dependencies:
    "@aws-sdk/querystring-parser" "1.0.0-gamma.2"
    "@aws-sdk/types" "1.0.0-gamma.2"
    tslib "^1.8.0"
    url "^0.11.0"

"@aws-sdk/util-base64-browser@1.0.0-gamma.2":
  version "1.0.0-gamma.2"
  resolved "https://registry.yarnpkg.com/@aws-sdk/util-base64-browser/-/util-base64-browser-1.0.0-gamma.2.tgz#8d09eb9e53e49e22ac92dd3a3c56fd6f794433a3"
  integrity sha512-prVGedZYiUyOqntoCX8lsPqF1t1J2Dh+P273geF+37Vt3GZ4uJlqu3ILtzw14DiSGxXBBuQUODOccrVUWi8a0Q==
  dependencies:
    tslib "^1.8.0"

"@aws-sdk/util-base64-node@1.0.0-gamma.2":
  version "1.0.0-gamma.2"
  resolved "https://registry.yarnpkg.com/@aws-sdk/util-base64-node/-/util-base64-node-1.0.0-gamma.2.tgz#efa23dfb14277fd3aa12df26e7b21ab38768b02b"
  integrity sha512-eV/JBn3Eglv274PccrA6IwbU/2C5pKbm+yuenoEkcOhKBtP6twGjINGvSP9pzA3dnYSB9+SHBdv2oCtUMU3a0g==
  dependencies:
    "@aws-sdk/util-buffer-from" "1.0.0-gamma.2"
    tslib "^1.8.0"

"@aws-sdk/util-body-length-browser@1.0.0-gamma.2":
  version "1.0.0-gamma.2"
  resolved "https://registry.yarnpkg.com/@aws-sdk/util-body-length-browser/-/util-body-length-browser-1.0.0-gamma.2.tgz#6d0b44c49895d9f61b84a894e3e4728ac38e3881"
  integrity sha512-mBFjXV83jtMPp+7ljrLuanPrUYSOAFV+hv/Ye2Bh8EKK9lXs1A09vzQOCkqRpd2f4jvav4z5mwwWsj1nSWLSKA==
  dependencies:
    tslib "^1.8.0"

"@aws-sdk/util-body-length-node@1.0.0-gamma.2":
  version "1.0.0-gamma.2"
  resolved "https://registry.yarnpkg.com/@aws-sdk/util-body-length-node/-/util-body-length-node-1.0.0-gamma.2.tgz#60dbe74df0e8647ddac9a280df42221837a10a11"
  integrity sha512-kgBCXYzZg6EfUOe0B43CekKb5JxPBMT9zOShGpyc2PMrMv/E5Ij2MUjnDYMM1aBU5ljzXDRfIgL2VPJVEpB86w==
  dependencies:
    tslib "^1.8.0"

"@aws-sdk/util-buffer-from@1.0.0-gamma.2":
  version "1.0.0-gamma.2"
  resolved "https://registry.yarnpkg.com/@aws-sdk/util-buffer-from/-/util-buffer-from-1.0.0-gamma.2.tgz#34afe5eb01db73d622b490a6899d9b1a044252a4"
  integrity sha512-pR2DGEF2v5zsrZHbc5cSPBOQLlUDzPuq4h3OYHN6lI/u3fY9lobsESmV4u9Iu3R+RTXpb2tfynqwI7UTMMhGbA==
  dependencies:
    "@aws-sdk/is-array-buffer" "1.0.0-gamma.2"
    tslib "^1.8.0"

"@aws-sdk/util-hex-encoding@1.0.0-gamma.2":
  version "1.0.0-gamma.2"
  resolved "https://registry.yarnpkg.com/@aws-sdk/util-hex-encoding/-/util-hex-encoding-1.0.0-gamma.2.tgz#44d78522dc667dad086d4563b1901ef4f02ec521"
  integrity sha512-PUuLTAuxdMd7UPDZLDzTSE2jEZUTa8ZBLatuHgmpIjtkueY+uQgnbPV95eWCWoWew91RBAyaAL8HX0G2sEpn2g==
  dependencies:
    tslib "^1.8.0"

"@aws-sdk/util-locate-window@^1.0.0-alpha.0":
  version "1.0.0-beta.2"
  resolved "https://registry.yarnpkg.com/@aws-sdk/util-locate-window/-/util-locate-window-1.0.0-beta.2.tgz#fc450da1126140f2845273983232b6e9b025a5cb"
  integrity sha512-WKl5NA16ibKYa6rK9J7HlLFivpIFNKxj6otEBSizit1XBZQINWdzWYMTZBrlvKdmOY1HDsmYL/PQ/QKnbI35nQ==
  dependencies:
    tslib "^1.8.0"

"@aws-sdk/util-uri-escape@1.0.0-gamma.2":
  version "1.0.0-gamma.2"
  resolved "https://registry.yarnpkg.com/@aws-sdk/util-uri-escape/-/util-uri-escape-1.0.0-gamma.2.tgz#4f146d093266de4babff4401c93cab35b0ff459d"
  integrity sha512-NUz1rRhgO9hRMjBqcd4+WEqYDQkJHt9R53/69ijiqJWdU0+H959zaEB1BDvEm9xkIo3oSJyQNLvNStT33BVh7Q==
  dependencies:
    tslib "^1.8.0"

"@aws-sdk/util-user-agent-browser@1.0.0-gamma.2":
  version "1.0.0-gamma.2"
  resolved "https://registry.yarnpkg.com/@aws-sdk/util-user-agent-browser/-/util-user-agent-browser-1.0.0-gamma.2.tgz#96f468e8b54f465efca46d7cd254ea7a3631c834"
  integrity sha512-dlpMrfa7tHEM5QMXhrCfx8xbsYGnuJb1cw3r+LNmiLd2nzcAHhW0n0ZHEaLQxwP0ublfvtEueNW9s/pzbUUdDw==
  dependencies:
    "@aws-sdk/types" "1.0.0-gamma.2"
    tslib "^1.8.0"

"@aws-sdk/util-user-agent-node@1.0.0-gamma.2":
  version "1.0.0-gamma.2"
  resolved "https://registry.yarnpkg.com/@aws-sdk/util-user-agent-node/-/util-user-agent-node-1.0.0-gamma.2.tgz#e3f55cab5fea4a41e9c30308b863fb1a1e1048d6"
  integrity sha512-ZBQNL+ppEEBiLfGsRKKuXAu0YKC9fs49YbIuPzvpSLTvIsOY1h5tAkx2GrXPN3n/kB7NzmkfPsSaPyWFTYd8Og==
  dependencies:
    "@aws-sdk/types" "1.0.0-gamma.2"
    tslib "^1.8.0"

"@aws-sdk/util-utf8-browser@1.0.0-gamma.2":
  version "1.0.0-gamma.2"
  resolved "https://registry.yarnpkg.com/@aws-sdk/util-utf8-browser/-/util-utf8-browser-1.0.0-gamma.2.tgz#8ac662e4df61ac607c7232c3700a0a320d7d403f"
  integrity sha512-Qohm6HqNong+f7vK+0Uu5l+FOTwEFy5BsxQwz7iXEBTQXqmQaLr9Os43bzQfrb5DZpYE9fdXaIkG5Ia6C1xmYQ==
  dependencies:
    tslib "^1.8.0"

"@aws-sdk/util-utf8-browser@^1.0.0-alpha.0":
  version "1.0.0-beta.2"
  resolved "https://registry.yarnpkg.com/@aws-sdk/util-utf8-browser/-/util-utf8-browser-1.0.0-beta.2.tgz#20456a061aef77509a2fcfdfb48ddabab39a2909"
  integrity sha512-71qy8bV0L/wFUDdIyOp7T6iMvHV7T2fldlAlfYinun3uigWcQcTgoo6cqsCuoPlDaDsWGLDpnyCzWASEr2aI0A==
  dependencies:
    tslib "^1.8.0"

"@aws-sdk/util-utf8-node@1.0.0-gamma.2":
  version "1.0.0-gamma.2"
  resolved "https://registry.yarnpkg.com/@aws-sdk/util-utf8-node/-/util-utf8-node-1.0.0-gamma.2.tgz#9233732049bc1d7ad83a870a27ed734adc4d7446"
  integrity sha512-2T199M3/wQW6jf9Ubj5KcOODo9QNMANep6OJSSi3KCAcIsy1oBZ8exfdhaTsKdw3nrQyvVZuvOVyTW+c3aJUBQ==
  dependencies:
    "@aws-sdk/util-buffer-from" "1.0.0-gamma.2"
    tslib "^1.8.0"

"@rollup/plugin-json@^4.0.3":
  version "4.0.3"
  resolved "https://registry.yarnpkg.com/@rollup/plugin-json/-/plugin-json-4.0.3.tgz#747e2c2884c5a0fa00b66c9c0f3f1012cddca534"
  integrity sha512-QMUT0HZNf4CX17LMdwaslzlYHUKTYGuuk34yYIgZrNdu+pMEfqMS55gck7HEeHBKXHM4cz5Dg1OVwythDdbbuQ==
  dependencies:
    "@rollup/pluginutils" "^3.0.8"

"@rollup/plugin-node-resolve@^7.1.3":
  version "7.1.3"
  resolved "https://registry.yarnpkg.com/@rollup/plugin-node-resolve/-/plugin-node-resolve-7.1.3.tgz#80de384edfbd7bfc9101164910f86078151a3eca"
  integrity sha512-RxtSL3XmdTAE2byxekYLnx+98kEUOrPHF/KRVjLH+DEIHy6kjIw7YINQzn+NXiH/NTrQLAwYs0GWB+csWygA9Q==
  dependencies:
    "@rollup/pluginutils" "^3.0.8"
    "@types/resolve" "0.0.8"
    builtin-modules "^3.1.0"
    is-module "^1.0.0"
    resolve "^1.14.2"

"@rollup/pluginutils@^3.0.8":
  version "3.0.10"
  resolved "https://registry.yarnpkg.com/@rollup/pluginutils/-/pluginutils-3.0.10.tgz#a659b9025920378494cd8f8c59fbf9b3a50d5f12"
  integrity sha512-d44M7t+PjmMrASHbhgpSbVgtL6EFyX7J4mYxwQ/c5eoaE6N2VgCgEcWVzNnwycIloti+/MpwFr8qfw+nRw00sw==
  dependencies:
    "@types/estree" "0.0.39"
    estree-walker "^1.0.1"
    picomatch "^2.2.2"

"@types/estree@0.0.39":
  version "0.0.39"
  resolved "https://registry.yarnpkg.com/@types/estree/-/estree-0.0.39.tgz#e177e699ee1b8c22d23174caaa7422644389509f"
  integrity sha512-EYNwp3bU+98cpU4lAWYYL7Zz+2gryWH1qbdDTidVd6hkiR6weksdbMadyXKXNPEkQFhXM+hVO9ZygomHXp+AIw==

"@types/node@*":
  version "13.13.5"
  resolved "https://registry.yarnpkg.com/@types/node/-/node-13.13.5.tgz#96ec3b0afafd64a4ccea9107b75bf8489f0e5765"
  integrity sha512-3ySmiBYJPqgjiHA7oEaIo2Rzz0HrOZ7yrNO5HWyaE5q0lQ3BppDZ3N53Miz8bw2I7gh1/zir2MGVZBvpb1zq9g==

"@types/resolve@0.0.8":
  version "0.0.8"
  resolved "https://registry.yarnpkg.com/@types/resolve/-/resolve-0.0.8.tgz#f26074d238e02659e323ce1a13d041eee280e194"
  integrity sha512-auApPaJf3NPfe18hSoJkp8EbZzer2ISk7o8mCC3M9he/a04+gbMF97NkpD2S8riMGvm4BMRI59/SZQSaLTKpsQ==
  dependencies:
    "@types/node" "*"

builtin-modules@^3.1.0:
  version "3.1.0"
  resolved "https://registry.yarnpkg.com/builtin-modules/-/builtin-modules-3.1.0.tgz#aad97c15131eb76b65b50ef208e7584cd76a7484"
  integrity sha512-k0KL0aWZuBt2lrxrcASWDfwOLMnodeQjodT/1SxEQAXsHANgo6ZC/VEaSEHCXt7aSTZ4/4H5LKa+tBXmW7Vtvw==

estree-walker@^1.0.1:
  version "1.0.1"
  resolved "https://registry.yarnpkg.com/estree-walker/-/estree-walker-1.0.1.tgz#31bc5d612c96b704106b477e6dd5d8aa138cb700"
  integrity sha512-1fMXF3YP4pZZVozF8j/ZLfvnR8NSIljt56UhbZ5PeeDmmGHpgpdwQt7ITlGvYaQukCvuBRMLEiKiYC+oeIg4cg==

fast-base64-decode@^1.0.0:
  version "1.0.0"
  resolved "https://registry.yarnpkg.com/fast-base64-decode/-/fast-base64-decode-1.0.0.tgz#b434a0dd7d92b12b43f26819300d2dafb83ee418"
  integrity sha512-qwaScUgUGBYeDNRnbc/KyllVU88Jk1pRHPStuF/lO7B0/RTRLj7U0lkdTAutlBblY08rwZDff6tNU9cjv6j//Q==

fast-xml-parser@^3.16.0:
  version "3.16.0"
  resolved "https://registry.yarnpkg.com/fast-xml-parser/-/fast-xml-parser-3.16.0.tgz#d905e7e6b28fc4648cabebcb074363867fb56ee2"
  integrity sha512-U+bpScacfgnfNfIKlWHDu4u6rtOaCyxhblOLJ8sZPkhsjgGqdZmVPBhdOyvdMGCDt8CsAv+cssOP3NzQptNt2w==

fsevents@~2.1.2:
  version "2.1.3"
  resolved "https://registry.yarnpkg.com/fsevents/-/fsevents-2.1.3.tgz#fb738703ae8d2f9fe900c33836ddebee8b97f23e"
  integrity sha512-Auw9a4AxqWpa9GUfj370BMPzzyncfBABW8Mab7BGWBYDj4Isgq+cDKtx0i6u9jcX9pQDnswsaaOTgTmA5pEjuQ==

is-module@^1.0.0:
  version "1.0.0"
  resolved "https://registry.yarnpkg.com/is-module/-/is-module-1.0.0.tgz#3258fb69f78c14d5b815d664336b4cffb6441591"
  integrity sha1-Mlj7afeMFNW4FdZkM2tM/7ZEFZE=

path-parse@^1.0.6:
  version "1.0.6"
  resolved "https://registry.yarnpkg.com/path-parse/-/path-parse-1.0.6.tgz#d62dbb5679405d72c4737ec58600e9ddcf06d24c"
  integrity sha512-GSmOT2EbHrINBf9SR7CDELwlJ8AENk3Qn7OikK4nFYAu3Ote2+JYNVvkpAEQm3/TLNEJFD/xZJjzyxg3KBWOzw==

picomatch@^2.2.2:
  version "2.2.2"
  resolved "https://registry.yarnpkg.com/picomatch/-/picomatch-2.2.2.tgz#21f333e9b6b8eaff02468f5146ea406d345f4dad"
  integrity sha512-q0M/9eZHzmr0AulXyPwNfZjtwZ/RBZlbN3K3CErVrk50T2ASYI7Bye0EvekFY3IP1Nt2DHu0re+V2ZHIpMkuWg==

punycode@1.3.2:
  version "1.3.2"
  resolved "https://registry.yarnpkg.com/punycode/-/punycode-1.3.2.tgz#9653a036fb7c1ee42342f2325cceefea3926c48d"
  integrity sha1-llOgNvt8HuQjQvIyXM7v6jkmxI0=

querystring@0.2.0:
  version "0.2.0"
  resolved "https://registry.yarnpkg.com/querystring/-/querystring-0.2.0.tgz#b209849203bb25df820da756e747005878521620"
  integrity sha1-sgmEkgO7Jd+CDadW50cAWHhSFiA=

react-native-get-random-values@^1.4.0:
  version "1.4.0"
  resolved "https://registry.yarnpkg.com/react-native-get-random-values/-/react-native-get-random-values-1.4.0.tgz#1234d4dde6b56b2fab0eaa7dc1719e2f8c32c336"
  integrity sha512-NnmEZcC5zfz+QEytFPM/fw818Hodw/BNbv7jGxU4pla4K2K9DCzG83IReMJqQ2wo552AYKguqrBG2SSn/U6rbA==
  dependencies:
    fast-base64-decode "^1.0.0"

resolve@^1.14.2:
  version "1.17.0"
  resolved "https://registry.yarnpkg.com/resolve/-/resolve-1.17.0.tgz#b25941b54968231cc2d1bb76a79cb7f2c0bf8444"
  integrity sha512-ic+7JYiV8Vi2yzQGFWOkiZD5Z9z7O2Zhm9XMaTxdJExKasieFCr+yXZ/WmXsckHiKl12ar0y6XiXDx3m4RHn1w==
  dependencies:
    path-parse "^1.0.6"

rollup@^2.8.2:
  version "2.8.2"
  resolved "https://registry.yarnpkg.com/rollup/-/rollup-2.8.2.tgz#08427a8eb118e6e4ac8d80eba22774bc1d059c81"
  integrity sha512-LRzMcB8V1M69pSvf6uCbR+W9OPCy5FuxcIwqioWg5RKidrrqKbzjJF9pEGXceaMVkbptNFZgIVJlUokCU0sfng==
  optionalDependencies:
    fsevents "~2.1.2"

tslib@^1.8.0, tslib@^1.9.3:
  version "1.11.2"
  resolved "https://registry.yarnpkg.com/tslib/-/tslib-1.11.2.tgz#9c79d83272c9a7aaf166f73915c9667ecdde3cc9"
  integrity sha512-tTSkux6IGPnUGUd1XAZHcpu85MOkIl5zX49pO+jfsie3eP0B6pyhOlLXm3cAC6T7s+euSDDUUV+Acop5WmtkVg==

url@^0.11.0:
  version "0.11.0"
  resolved "https://registry.yarnpkg.com/url/-/url-0.11.0.tgz#3838e97cfc60521eb73c525a8e55bfdd9e2e28f1"
  integrity sha1-ODjpfPxgUh63PFJajlW/3Z4uKPE=
  dependencies:
    punycode "1.3.2"
    querystring "0.2.0"

uuid@^3.0.0:
  version "3.4.0"
  resolved "https://registry.yarnpkg.com/uuid/-/uuid-3.4.0.tgz#b23e4358afa8a202fe7a100af1f5f883f02007ee"
  integrity sha512-HjSDRw6gZE5JMggctHBcjVak08+KEVhSIiDzFnT9S9aegmp85S/bReBVTb4QTFaRNptJ9kuYaNhnbNEOkbKb/A==
