# THIS IS AN AUTOGENERATED FILE. DO NOT EDIT THIS FILE DIRECTLY.
# yarn lockfile v1


"@aws-crypto/ie11-detection@^1.0.0-alpha.0":
  version "1.0.0-alpha.0"
  resolved "https://registry.yarnpkg.com/@aws-crypto/ie11-detection/-/ie11-detection-1.0.0-alpha.0.tgz#16ca4a9233ec4a90e1d0b2f1712f4aa2043457bd"
  integrity sha512-TQ55S96+aD/iZF/VdgbLqCm2um8mQhjNrlFqQEJkXc12L4taF0wz0FfdFSJ9Uuy6EIf4GjgvbLExgJwxmFqL5A==
  dependencies:
    tslib "^1.9.3"

"@aws-crypto/sha256-browser@^1.0.0-alpha.0":
  version "1.0.0-alpha.0"
  resolved "https://registry.yarnpkg.com/@aws-crypto/sha256-browser/-/sha256-browser-1.0.0-alpha.0.tgz#f438fb3423aa989814b87e6afbc490e1d17f3122"
  integrity sha512-ZhULGaJKI/o8KROknqvnmYX3gphPQL5HLoMdVD5yPEsEsFG7rEIu4ORv2s6uaiqkdEkXZcdS+CNC8ekIndr9QA==
  dependencies:
    "@aws-crypto/ie11-detection" "^1.0.0-alpha.0"
    "@aws-crypto/sha256-js" "^1.0.0-alpha.0"
    "@aws-crypto/supports-web-crypto" "^1.0.0-alpha.0"
    "@aws-sdk/types" "^1.0.0-alpha.0"
    "@aws-sdk/util-locate-window" "^1.0.0-alpha.0"
    "@aws-sdk/util-utf8-browser" "^1.0.0-alpha.0"
    tslib "^1.9.3"

"@aws-crypto/sha256-js@^1.0.0-alpha.0":
  version "1.0.0-alpha.0"
  resolved "https://registry.yarnpkg.com/@aws-crypto/sha256-js/-/sha256-js-1.0.0-alpha.0.tgz#1146f6fa823001a9065ce60db5bf1afcc7c1cc3a"
  integrity sha512-GidX2lccEtHZw8mXDKJQj6tea7qh3pAnsNSp1eZNxsN4MMu2OvSraPSqiB1EihsQkZBMg0IiZPpZHoACUX/QMQ==
  dependencies:
    "@aws-sdk/types" "^1.0.0-alpha.0"
    "@aws-sdk/util-utf8-browser" "^1.0.0-alpha.0"
    tslib "^1.9.3"

"@aws-crypto/supports-web-crypto@^1.0.0-alpha.0":
  version "1.0.0-alpha.0"
  resolved "https://registry.yarnpkg.com/@aws-crypto/supports-web-crypto/-/supports-web-crypto-1.0.0-alpha.0.tgz#f9f2bed724caba3036be73e1f9bf25e01e5f6c42"
  integrity sha512-jVWjNCoEKY49NIWyU1ia1RvtupEZEzOTkYZ1kRH+Z0RqIg9DZksQ7PbSRvxtAv8rTBdyGSgQdEpbFtQtm/ZiRQ==
  dependencies:
    tslib "^1.9.3"

"@aws-sdk/abort-controller@1.0.0-beta.4":
  version "1.0.0-beta.4"
  resolved "https://registry.yarnpkg.com/@aws-sdk/abort-controller/-/abort-controller-1.0.0-beta.4.tgz#970ba597fe90f7b30b3e8a973594e560f187ea96"
  integrity sha512-qIIEAbqSwDgDlrQzAyRDbURHg/g65+rhQJGiHiq9/xjIbM8UxDumOI7RWAjxCHLUIa2OjoQQUJrhr2iQ9+IvlA==
  dependencies:
    "@aws-sdk/types" "1.0.0-beta.4"
    tslib "^1.8.0"

"@aws-sdk/client-sts@^1.0.0-beta.5":
  version "1.0.0-beta.5"
  resolved "https://registry.yarnpkg.com/@aws-sdk/client-sts/-/client-sts-1.0.0-beta.5.tgz#b45a72d8baf87f8853f085ea8ffe9ae94d00db9a"
  integrity sha512-PtNNS3HZtkRVYydG6UJi9BkUGOnm1kBq42imD7XDnaIoA8/vrV85RXkwFnfUw4OsAkrGhvrtFow7pB/KQYvEhQ==
  dependencies:
    "@aws-crypto/sha256-browser" "^1.0.0-alpha.0"
    "@aws-crypto/sha256-js" "^1.0.0-alpha.0"
    "@aws-sdk/config-resolver" "1.0.0-beta.4"
    "@aws-sdk/credential-provider-node" "1.0.0-beta.4"
    "@aws-sdk/fetch-http-handler" "1.0.0-beta.4"
    "@aws-sdk/hash-node" "1.0.0-beta.4"
    "@aws-sdk/invalid-dependency" "1.0.0-beta.2"
    "@aws-sdk/middleware-content-length" "1.0.0-beta.4"
    "@aws-sdk/middleware-host-header" "1.0.0-beta.4"
    "@aws-sdk/middleware-retry" "1.0.0-beta.4"
    "@aws-sdk/middleware-serde" "1.0.0-beta.4"
    "@aws-sdk/middleware-signing" "1.0.0-beta.4"
    "@aws-sdk/middleware-stack" "1.0.0-beta.4"
    "@aws-sdk/middleware-user-agent" "1.0.0-beta.4"
    "@aws-sdk/node-http-handler" "1.0.0-beta.4"
    "@aws-sdk/protocol-http" "1.0.0-beta.4"
    "@aws-sdk/region-provider" "1.0.0-beta.4"
    "@aws-sdk/smithy-client" "1.0.0-beta.5"
    "@aws-sdk/stream-collector-browser" "1.0.0-beta.4"
    "@aws-sdk/stream-collector-native" "1.0.0-beta.4"
    "@aws-sdk/stream-collector-node" "1.0.0-beta.4"
    "@aws-sdk/types" "1.0.0-beta.4"
    "@aws-sdk/url-parser-browser" "1.0.0-beta.4"
    "@aws-sdk/url-parser-node" "1.0.0-beta.4"
    "@aws-sdk/util-base64-browser" "1.0.0-beta.2"
    "@aws-sdk/util-base64-node" "1.0.0-beta.3"
    "@aws-sdk/util-body-length-browser" "1.0.0-beta.2"
    "@aws-sdk/util-body-length-node" "1.0.0-beta.2"
    "@aws-sdk/util-user-agent-browser" "1.0.0-beta.4"
    "@aws-sdk/util-user-agent-node" "1.0.0-beta.4"
    "@aws-sdk/util-utf8-browser" "1.0.0-beta.2"
    "@aws-sdk/util-utf8-node" "1.0.0-beta.3"
    fast-xml-parser "^3.16.0"
    tslib "^1.8.0"

"@aws-sdk/config-resolver@1.0.0-beta.4":
  version "1.0.0-beta.4"
  resolved "https://registry.yarnpkg.com/@aws-sdk/config-resolver/-/config-resolver-1.0.0-beta.4.tgz#a84d2a7cbeac3a76baf5a3e1bf3dfd74cb0d4108"
  integrity sha512-kuzokH5wPSQToB8XWAefns69+b2GoRqvpx3K1xOdTkZ0yoORYS62Ua4Z8HFW7TgC33QQ2+p9jhbpL8yblGiLfA==
  dependencies:
    "@aws-sdk/signature-v4" "1.0.0-beta.4"
    "@aws-sdk/types" "1.0.0-beta.4"
    tslib "^1.8.0"

"@aws-sdk/credential-provider-env@1.0.0-beta.4":
  version "1.0.0-beta.4"
  resolved "https://registry.yarnpkg.com/@aws-sdk/credential-provider-env/-/credential-provider-env-1.0.0-beta.4.tgz#98b470cfd32bbddf7775e908dc6d406dff8e17cc"
  integrity sha512-fVgKikIT39G6GRYGeyNevWbGDeQD/aD9zegdm93llonC1Cy3Ax1sCzSLG8gbjQccVlN1b/dD7S0U4fB+omiEHQ==
  dependencies:
    "@aws-sdk/property-provider" "1.0.0-beta.4"
    "@aws-sdk/types" "1.0.0-beta.4"
    tslib "^1.8.0"

"@aws-sdk/credential-provider-imds@1.0.0-beta.4":
  version "1.0.0-beta.4"
  resolved "https://registry.yarnpkg.com/@aws-sdk/credential-provider-imds/-/credential-provider-imds-1.0.0-beta.4.tgz#102d893267ca9de5474d21aafe968e99e76ab7b1"
  integrity sha512-K/8QpAKn7t/S4yzeEMVI1FQYcFO22uvsSooxy343dwP5Gq8darVJMIRtrqzOiX9FY3H4pWlQcjugf5KGyVDbiQ==
  dependencies:
    "@aws-sdk/property-provider" "1.0.0-beta.4"
    "@aws-sdk/types" "1.0.0-beta.4"
    tslib "^1.8.0"

"@aws-sdk/credential-provider-ini@1.0.0-beta.4":
  version "1.0.0-beta.4"
  resolved "https://registry.yarnpkg.com/@aws-sdk/credential-provider-ini/-/credential-provider-ini-1.0.0-beta.4.tgz#a169ef7708ba2166c159db00bc710773c1f95aef"
  integrity sha512-li4plcu88XDi97sAV8nOfkbk0hZ4WUrLXr5FX0HkbrlW5/qusnOfUhOVsU3yeWzdlvA/tZtvgWI5lBBUgekbsQ==
  dependencies:
    "@aws-sdk/property-provider" "1.0.0-beta.4"
    "@aws-sdk/shared-ini-file-loader" "1.0.0-beta.4"
    "@aws-sdk/types" "1.0.0-beta.4"
    tslib "^1.8.0"

"@aws-sdk/credential-provider-node@1.0.0-beta.4":
  version "1.0.0-beta.4"
  resolved "https://registry.yarnpkg.com/@aws-sdk/credential-provider-node/-/credential-provider-node-1.0.0-beta.4.tgz#82999cfe71f88b5b0c7139a8c6a4cf5c8d28fe39"
  integrity sha512-g12o7J8SFjtkK9YXSm9/NkaNs1WFwCVu3+BcCEFH1km3/u5SJi6shwZ5fb3ojPS/gkuXyFP6tDSzwvFGTUoHwg==
  dependencies:
    "@aws-sdk/credential-provider-env" "1.0.0-beta.4"
    "@aws-sdk/credential-provider-imds" "1.0.0-beta.4"
    "@aws-sdk/credential-provider-ini" "1.0.0-beta.4"
    "@aws-sdk/credential-provider-process" "1.0.0-beta.4"
    "@aws-sdk/property-provider" "1.0.0-beta.4"
    "@aws-sdk/types" "1.0.0-beta.4"
    tslib "^1.8.0"

"@aws-sdk/credential-provider-process@1.0.0-beta.4":
  version "1.0.0-beta.4"
  resolved "https://registry.yarnpkg.com/@aws-sdk/credential-provider-process/-/credential-provider-process-1.0.0-beta.4.tgz#d5127006fe698f43527da21cf10ad33f40d9ad87"
  integrity sha512-as72MiJCvg2QpkoV+CIeO+t1Lw0lBXsN8UokxVzrew7oZz114CkNh0wD5ZqvjAN/Tp6jer/FB/kX0/APtpwy2A==
  dependencies:
    "@aws-sdk/credential-provider-ini" "1.0.0-beta.4"
    "@aws-sdk/property-provider" "1.0.0-beta.4"
    "@aws-sdk/shared-ini-file-loader" "1.0.0-beta.4"
    "@aws-sdk/types" "1.0.0-beta.4"
    tslib "^1.8.0"

"@aws-sdk/fetch-http-handler@1.0.0-beta.4":
  version "1.0.0-beta.4"
  resolved "https://registry.yarnpkg.com/@aws-sdk/fetch-http-handler/-/fetch-http-handler-1.0.0-beta.4.tgz#57150d17a5850409e437e037f8f1dc177454747c"
  integrity sha512-q/Z1UBfVvC06GeOnugKya28OtroeV21FrasonoY8YZ/G8PdewJDvz2PWtnL6RbGaXj1wtAzWWTIZ0P2hP8sSFw==
  dependencies:
    "@aws-sdk/protocol-http" "1.0.0-beta.4"
    "@aws-sdk/querystring-builder" "1.0.0-beta.4"
    "@aws-sdk/types" "1.0.0-beta.4"
    tslib "^1.8.0"

"@aws-sdk/hash-node@1.0.0-beta.4":
  version "1.0.0-beta.4"
  resolved "https://registry.yarnpkg.com/@aws-sdk/hash-node/-/hash-node-1.0.0-beta.4.tgz#58b9a3cf1c63b9f7892c15dd6248315cff4dfbde"
  integrity sha512-t2frvhAuVOMfnrRMV+V6GdOEIWcOEIY1543aBYOJpVGgOdmnI4NdOjMSUFmLzDKsn3hGMMZSQ05Ti/yBCiueNg==
  dependencies:
    "@aws-sdk/types" "1.0.0-beta.4"
    "@aws-sdk/util-buffer-from" "1.0.0-beta.3"
    tslib "^1.8.0"

"@aws-sdk/invalid-dependency@1.0.0-beta.2":
  version "1.0.0-beta.2"
  resolved "https://registry.yarnpkg.com/@aws-sdk/invalid-dependency/-/invalid-dependency-1.0.0-beta.2.tgz#7df0fd624a30607af1786b88f56b4c8bc45db27c"
  integrity sha512-C+TbPk5TacKzNyXeTyRSXezSYJ/f9EHeynuSj2dh6FFVG23dtEqsdGXkz3JZ+jZb+L3Kzl2LaK3OV9S2+gtX6w==
  dependencies:
    tslib "^1.8.0"

"@aws-sdk/is-array-buffer@1.0.0-beta.2":
  version "1.0.0-beta.2"
  resolved "https://registry.yarnpkg.com/@aws-sdk/is-array-buffer/-/is-array-buffer-1.0.0-beta.2.tgz#9bf3abbd77cb6df4985d0f950a10faf64322ba9c"
  integrity sha512-wIxfDCwhNmN5fZ+mUCIVcGP1s6GqXTfJAbPttfuxQW3oItQMZn2PPGiVuIS3F7CPij+/pQGwuw6T3mMJGnivGw==
  dependencies:
    tslib "^1.8.0"

"@aws-sdk/middleware-content-length@1.0.0-beta.4":
  version "1.0.0-beta.4"
  resolved "https://registry.yarnpkg.com/@aws-sdk/middleware-content-length/-/middleware-content-length-1.0.0-beta.4.tgz#30d06f61499163d8bcfdea830f214ed875fc04d5"
  integrity sha512-wHpoSBMTMf3GgSYZeVtlN9N8k+n9M5uEFzEUVduPwgSvTXcWuJE+K4Vcgr0XiO7hZm9Pbry6nbmCLCRWW3M3ew==
  dependencies:
    "@aws-sdk/protocol-http" "1.0.0-beta.4"
    "@aws-sdk/types" "1.0.0-beta.4"
    tslib "^1.8.0"

"@aws-sdk/middleware-host-header@1.0.0-beta.4":
  version "1.0.0-beta.4"
  resolved "https://registry.yarnpkg.com/@aws-sdk/middleware-host-header/-/middleware-host-header-1.0.0-beta.4.tgz#9ce9e155634270fae13f85593030e199dc50030f"
  integrity sha512-2H77+Ab0Jec55mGotWcNvCF9Rb3YlddFOQ4fg2YwEOmJhrWUWlXa3gcOaKo1CK7qYl3shdKjYCWBYust3fDu3w==
  dependencies:
    "@aws-sdk/protocol-http" "1.0.0-beta.4"
    "@aws-sdk/types" "1.0.0-beta.4"
    tslib "^1.8.0"

"@aws-sdk/middleware-retry@1.0.0-beta.4":
  version "1.0.0-beta.4"
  resolved "https://registry.yarnpkg.com/@aws-sdk/middleware-retry/-/middleware-retry-1.0.0-beta.4.tgz#a45bc26128352f8622dfe1640f576dd930e045e2"
  integrity sha512-DplPlwUyAqUZmbXMQ3dIXLiqr3Ucpu9oe49Qr95kcWOqkoQ9Fii2AR0xDC2nYCaflTQS1mDFYiBLviBW+PjvRA==
  dependencies:
    "@aws-sdk/service-error-classification" "1.0.0-beta.2"
    "@aws-sdk/types" "1.0.0-beta.4"
    tslib "^1.8.0"

"@aws-sdk/middleware-serde@1.0.0-beta.4":
  version "1.0.0-beta.4"
  resolved "https://registry.yarnpkg.com/@aws-sdk/middleware-serde/-/middleware-serde-1.0.0-beta.4.tgz#b2dcfe3a574966954784e763951844193f5600cf"
  integrity sha512-L+CftWoTx0xStPXT99fPvH8/fLkYzO9U2fzdLu7FQKhgGYt5XGDJ7gjtIbsdW8uZOX+83PME8iq02E5/pFvEUw==
  dependencies:
    "@aws-sdk/types" "1.0.0-beta.4"
    tslib "^1.8.0"

"@aws-sdk/middleware-signing@1.0.0-beta.4":
  version "1.0.0-beta.4"
  resolved "https://registry.yarnpkg.com/@aws-sdk/middleware-signing/-/middleware-signing-1.0.0-beta.4.tgz#761c4d726feef4cf9e9b395694a2b496f049a395"
  integrity sha512-8BPKeKF7ONIUN/XSY1yRj+5hj/02S2VPZTQFrGkiUSxyk8RUQ3XUTyS9cPZiHTgfJIaE/vEjm8XV5YZy3NN9PA==
  dependencies:
    "@aws-sdk/protocol-http" "1.0.0-beta.4"
    "@aws-sdk/signature-v4" "1.0.0-beta.4"
    "@aws-sdk/types" "1.0.0-beta.4"
    tslib "^1.8.0"

"@aws-sdk/middleware-stack@1.0.0-beta.4":
  version "1.0.0-beta.4"
  resolved "https://registry.yarnpkg.com/@aws-sdk/middleware-stack/-/middleware-stack-1.0.0-beta.4.tgz#5eddd397192ce6d9e69785d3790e928db5ea3967"
  integrity sha512-+eja85rupcPEoaMvYgh+qlTC2DWQzKSK4ie0muyVk9i01SCOdVWTV3g0vEliW/5lNirbvuzDCs2XzdQjmGWxwg==
  dependencies:
    "@aws-sdk/types" "1.0.0-beta.4"
    tslib "^1.8.0"

"@aws-sdk/middleware-user-agent@1.0.0-beta.4":
  version "1.0.0-beta.4"
  resolved "https://registry.yarnpkg.com/@aws-sdk/middleware-user-agent/-/middleware-user-agent-1.0.0-beta.4.tgz#e1e11abce054ad9d56f41c375dd756e15302dede"
  integrity sha512-8b3TBaVjOoAIFtwEedeJqEYaGTqL4HNaR+IiPjjl9GOJ4UVDOADDL8XK/BLqpW6qr3G0egpla/Q11g5F+jKhAQ==
  dependencies:
    "@aws-sdk/protocol-http" "1.0.0-beta.4"
    "@aws-sdk/types" "1.0.0-beta.4"
    tslib "^1.8.0"

"@aws-sdk/node-http-handler@1.0.0-beta.4":
  version "1.0.0-beta.4"
  resolved "https://registry.yarnpkg.com/@aws-sdk/node-http-handler/-/node-http-handler-1.0.0-beta.4.tgz#52036e74f03d4bff98f538feea2f17587a5c73ca"
  integrity sha512-zsSIPbiOy3GKda7j/zsxsMAzwABsKlTE1DNq2J4OZudoT51DwYXK1foyDKf8OgLsjGf2eIxfaucYd6WXSWiI3A==
  dependencies:
    "@aws-sdk/abort-controller" "1.0.0-beta.4"
    "@aws-sdk/protocol-http" "1.0.0-beta.4"
    "@aws-sdk/querystring-builder" "1.0.0-beta.4"
    "@aws-sdk/types" "1.0.0-beta.4"
    tslib "^1.8.0"

"@aws-sdk/property-provider@1.0.0-beta.4":
  version "1.0.0-beta.4"
  resolved "https://registry.yarnpkg.com/@aws-sdk/property-provider/-/property-provider-1.0.0-beta.4.tgz#99f1cd76f8e52740064d5e42b67ebdaf96b36d89"
  integrity sha512-p8LuFom3JuE946i/QenftI4mJng8wHAvVRUO3cMfcz445LRdty0yfxiIE6HZH66LfskoFymhIhX0JThNXfWiNg==
  dependencies:
    "@aws-sdk/types" "1.0.0-beta.4"
    tslib "^1.8.0"

"@aws-sdk/protocol-http@1.0.0-beta.4":
  version "1.0.0-beta.4"
  resolved "https://registry.yarnpkg.com/@aws-sdk/protocol-http/-/protocol-http-1.0.0-beta.4.tgz#57591db6f0b5605db43f2ca3d922d3faac4425e4"
  integrity sha512-+8sOcorCEd7+B+0IIgFNgQBk1R6AgwgNZ+alTs5c5oPMOX70pyjmvmlYYovnJ4vZR2imH+uNQ8/x8UK9+DQN4g==
  dependencies:
    "@aws-sdk/types" "1.0.0-beta.4"
    tslib "^1.8.0"

"@aws-sdk/querystring-builder@1.0.0-beta.4":
  version "1.0.0-beta.4"
  resolved "https://registry.yarnpkg.com/@aws-sdk/querystring-builder/-/querystring-builder-1.0.0-beta.4.tgz#694a6c7014e919387bd890056f465895e772543d"
  integrity sha512-2NVxsO4lM1FzfKUe+b+gcKoKvEAS370q1tep53ygp7Q/U4Ddy0FXKYR81sADRtieAEyCh/GaZsYQ1rFTVkE2DQ==
  dependencies:
    "@aws-sdk/types" "1.0.0-beta.4"
    "@aws-sdk/util-uri-escape" "1.0.0-beta.4"
    tslib "^1.8.0"

"@aws-sdk/querystring-parser@1.0.0-beta.4":
  version "1.0.0-beta.4"
  resolved "https://registry.yarnpkg.com/@aws-sdk/querystring-parser/-/querystring-parser-1.0.0-beta.4.tgz#b06c7e3a93c352373767b827af1a2b2561a0fe78"
  integrity sha512-op0hysT7q7r3Llq2n2TSHrod42ZTE8NKDq/4OlIXXQ7GasuFFyt7D5DjrWxRlo7k02PSMogzcqKT/w48rM7EPA==
  dependencies:
    "@aws-sdk/types" "1.0.0-beta.4"
    tslib "^1.8.0"

"@aws-sdk/region-provider@1.0.0-beta.4":
  version "1.0.0-beta.4"
  resolved "https://registry.yarnpkg.com/@aws-sdk/region-provider/-/region-provider-1.0.0-beta.4.tgz#e3a6b690c94a72fcdeec272e021c5ca47a6916fd"
  integrity sha512-SxzMMXfGOcOU3BHkvX3kTtWCHeoOU6XKgTZBlpHSftkEiucFZSK8NKOrKbSE7fctPMuVkC7b6qFR8ulijI0ZPQ==
  dependencies:
    "@aws-sdk/property-provider" "1.0.0-beta.4"
    "@aws-sdk/shared-ini-file-loader" "1.0.0-beta.4"
    "@aws-sdk/types" "1.0.0-beta.4"
    tslib "^1.8.0"

"@aws-sdk/service-error-classification@1.0.0-beta.2":
  version "1.0.0-beta.2"
  resolved "https://registry.yarnpkg.com/@aws-sdk/service-error-classification/-/service-error-classification-1.0.0-beta.2.tgz#bb1e79f0a9475aaca2143af15640ccd24d4b9f1d"
  integrity sha512-2SYU1j7UZAmia41fICRUnHlm6sgtQUdW9afJ3sEN+ABS7FBBbp6vdOdFWa7bi9QUzrnTm6hVaX2Nd5YYomao6A==

"@aws-sdk/shared-ini-file-loader@1.0.0-beta.4":
  version "1.0.0-beta.4"
  resolved "https://registry.yarnpkg.com/@aws-sdk/shared-ini-file-loader/-/shared-ini-file-loader-1.0.0-beta.4.tgz#912012a0d3a001902db395ecdd3db484404fc0cf"
  integrity sha512-1uDbBPe1PS6yXoJ82ZsTadOUjN3dic4vLCu1GlL/9aMD6BGLvzJc7TgWm4VUnIUFCNHGfe13a7TMQ6R6qV4myA==
  dependencies:
    tslib "^1.8.0"

"@aws-sdk/signature-v4@1.0.0-beta.4":
  version "1.0.0-beta.4"
  resolved "https://registry.yarnpkg.com/@aws-sdk/signature-v4/-/signature-v4-1.0.0-beta.4.tgz#319e48947874b6147ea369c03d357d755149e003"
  integrity sha512-q6lvT4OT0PW29acjIO6B7df5xlOAq5l6oBP8v570TjoDrZ32LXr7J9gajccyJvpgvB8YdEO0ncYIacOJhNSi9g==
  dependencies:
    "@aws-sdk/is-array-buffer" "1.0.0-beta.2"
    "@aws-sdk/types" "1.0.0-beta.4"
    "@aws-sdk/util-hex-encoding" "1.0.0-beta.2"
    "@aws-sdk/util-uri-escape" "1.0.0-beta.4"
    tslib "^1.8.0"

"@aws-sdk/smithy-client@1.0.0-beta.5":
  version "1.0.0-beta.5"
  resolved "https://registry.yarnpkg.com/@aws-sdk/smithy-client/-/smithy-client-1.0.0-beta.5.tgz#f904b862e5264fe6aac8d6e2d2b62c20b6b10c06"
  integrity sha512-klB7a9JjViC6Jr/nhSpYfBAMZ6NKDKVrS+6i0K90nSd1rIzCRD8TiRid86HRch8/l7Oty0JtKGW3sst3kXxrEw==
  dependencies:
    "@aws-sdk/middleware-stack" "1.0.0-beta.4"
    "@aws-sdk/types" "1.0.0-beta.4"
    tslib "^1.8.0"

"@aws-sdk/stream-collector-browser@1.0.0-beta.4":
  version "1.0.0-beta.4"
  resolved "https://registry.yarnpkg.com/@aws-sdk/stream-collector-browser/-/stream-collector-browser-1.0.0-beta.4.tgz#9691a0056ece358a4a16c12dc93c67dee9ece360"
  integrity sha512-A1BSuQBxKZfDKcbKN1dlp4AAvbBaLJb3/DD4wHK+/2sQxO30xrENZo8T3gebEdhidb3nxgPs887qFbNwvzTZ0Q==
  dependencies:
    "@aws-sdk/types" "1.0.0-beta.4"
    tslib "^1.8.0"

"@aws-sdk/stream-collector-native@1.0.0-beta.4":
  version "1.0.0-beta.4"
  resolved "https://registry.yarnpkg.com/@aws-sdk/stream-collector-native/-/stream-collector-native-1.0.0-beta.4.tgz#c28570efb3a3ef4747983b9a6e1e640851a00d28"
  integrity sha512-Z5/WhmSqA++lLR5K/THh4zCsdYBvxb01Ermi8JTl+ztWa9xRpZmu+AAp4txzpu3gD/VZ7ERAuLamwSTMo8KR8w==
  dependencies:
    "@aws-sdk/types" "1.0.0-beta.4"
    "@aws-sdk/util-base64-browser" "1.0.0-beta.2"
    tslib "^1.8.0"

"@aws-sdk/stream-collector-node@1.0.0-beta.4":
  version "1.0.0-beta.4"
  resolved "https://registry.yarnpkg.com/@aws-sdk/stream-collector-node/-/stream-collector-node-1.0.0-beta.4.tgz#b9db32fefa4de928debc00b697947bcc326346c3"
  integrity sha512-Erm/Xl3agivWBfU1kyGvw1j617pOCp12Ajjz/T/6T8hJ9jiNlSOEWml9ZRVvritpVuhPN8Y6C7dD9+3LSbVJOA==
  dependencies:
    "@aws-sdk/types" "1.0.0-beta.4"
    tslib "^1.8.0"

"@aws-sdk/types@1.0.0-beta.4", "@aws-sdk/types@^1.0.0-alpha.0":
  version "1.0.0-beta.4"
  resolved "https://registry.yarnpkg.com/@aws-sdk/types/-/types-1.0.0-beta.4.tgz#44a614f39aafb80430a85fe59507f83a5953c517"
  integrity sha512-32ZVLz5r7XUEZdvL1zonL8idVozxKQifgqiNf5BNFrHo7Fx26rm18c3Hx2jDFN9xh71iNlVpP6EUDPkSDZlq3Q==

"@aws-sdk/url-parser-browser@1.0.0-beta.4":
  version "1.0.0-beta.4"
  resolved "https://registry.yarnpkg.com/@aws-sdk/url-parser-browser/-/url-parser-browser-1.0.0-beta.4.tgz#0cb66fc241105b28fcc1e0e33519ca2f8f2735b3"
  integrity sha512-DLQJOYOAvPg931Ct4B8RKdtUi3DMQgDc1oguepqvHQ9QVPhVTTT281fBc5145rLO+HFApHmqPIX010JxDVtg0w==
  dependencies:
    "@aws-sdk/querystring-parser" "1.0.0-beta.4"
    "@aws-sdk/types" "1.0.0-beta.4"
    tslib "^1.8.0"

"@aws-sdk/url-parser-node@1.0.0-beta.4":
  version "1.0.0-beta.4"
  resolved "https://registry.yarnpkg.com/@aws-sdk/url-parser-node/-/url-parser-node-1.0.0-beta.4.tgz#2f4f45d4ec36caa6274f20c3164d34ef88dc9079"
  integrity sha512-J12nACFjACr83/jINQaBYhhD3lDv6hCbFv8832Z+Bxsni9V5uwGUDF6YgnMOOeYvJEdbkriVNAdjZb0gfmT9Og==
  dependencies:
    "@aws-sdk/querystring-parser" "1.0.0-beta.4"
    "@aws-sdk/types" "1.0.0-beta.4"
    tslib "^1.8.0"
    url "^0.11.0"

"@aws-sdk/util-base64-browser@1.0.0-beta.2":
  version "1.0.0-beta.2"
  resolved "https://registry.yarnpkg.com/@aws-sdk/util-base64-browser/-/util-base64-browser-1.0.0-beta.2.tgz#021c862d1f6d27e903b433c7fe0497f4386acc66"
  integrity sha512-KMhVPHEjGIiamDlAJkXpmejGy6Em5ufBOQxX+CIjdOKVOQil8ybiHxnYrzfDUwQqztvIgJrpdSKyiV9PJmdK3A==
  dependencies:
    tslib "^1.8.0"

"@aws-sdk/util-base64-node@1.0.0-beta.3":
  version "1.0.0-beta.3"
  resolved "https://registry.yarnpkg.com/@aws-sdk/util-base64-node/-/util-base64-node-1.0.0-beta.3.tgz#ad281276ed97fc689ebc16b8c24edf615759f6c0"
  integrity sha512-0dPbPOeHRW7ik8a4ADUebCGFEuXUw5OTYp8Nvbp4lvu2kAihXM/b8hawtzHqr0jvBd+5iiq/xOPz7WRiVY/Dzg==
  dependencies:
    "@aws-sdk/util-buffer-from" "1.0.0-beta.3"
    tslib "^1.8.0"

"@aws-sdk/util-body-length-browser@1.0.0-beta.2":
  version "1.0.0-beta.2"
  resolved "https://registry.yarnpkg.com/@aws-sdk/util-body-length-browser/-/util-body-length-browser-1.0.0-beta.2.tgz#b3d7a99c7f7c0f74edc3c993c2b2262a8deb87f3"
  integrity sha512-jlVVwV3rUtwjAKCvaJHkRqyLj636DhQmQcfjjslMCDdrO7ZK71A+EvVzF2qeVbiScBRQInnGEXHfF+oaa++mYQ==
  dependencies:
    tslib "^1.8.0"

"@aws-sdk/util-body-length-node@1.0.0-beta.2":
  version "1.0.0-beta.2"
  resolved "https://registry.yarnpkg.com/@aws-sdk/util-body-length-node/-/util-body-length-node-1.0.0-beta.2.tgz#31aff4e2d3b161ef99676a6e6142ee78a06ee1d7"
  integrity sha512-Zo/fvgGGa4TXjQaBDltfkfi9pPruDDZo2seWi9L2TM9upF52O3Raaq+30LxPAteOKP49PbBfjzkJLkI79pkpLw==
  dependencies:
    tslib "^1.8.0"

"@aws-sdk/util-buffer-from@1.0.0-beta.3":
  version "1.0.0-beta.3"
  resolved "https://registry.yarnpkg.com/@aws-sdk/util-buffer-from/-/util-buffer-from-1.0.0-beta.3.tgz#b7de053e40895fd9b51b42e0f392cda0a4b70e74"
  integrity sha512-sZLZY09mu1fpVhI0CUlocbXHiy3S6+LogaFHchSRlhXf5eSOCAP80nZBxjmjsksNvA1+UiQAap6QloNRNmdqCw==
  dependencies:
    "@aws-sdk/is-array-buffer" "1.0.0-beta.2"
    tslib "^1.8.0"

"@aws-sdk/util-hex-encoding@1.0.0-beta.2":
  version "1.0.0-beta.2"
  resolved "https://registry.yarnpkg.com/@aws-sdk/util-hex-encoding/-/util-hex-encoding-1.0.0-beta.2.tgz#5eb2c945bfd251ad262ad6a596bc3f935b0b05ea"
  integrity sha512-QTCsXd7KMl9yRBYCRa6hcT5tne2CcUNUmxWqwm/Tn1fKsvIryIt70/pCsDgHVvacyGtml/KicjxmY7zuX9hbGA==
  dependencies:
    tslib "^1.8.0"

"@aws-sdk/util-locate-window@^1.0.0-alpha.0":
  version "1.0.0-beta.2"
  resolved "https://registry.yarnpkg.com/@aws-sdk/util-locate-window/-/util-locate-window-1.0.0-beta.2.tgz#fc450da1126140f2845273983232b6e9b025a5cb"
  integrity sha512-WKl5NA16ibKYa6rK9J7HlLFivpIFNKxj6otEBSizit1XBZQINWdzWYMTZBrlvKdmOY1HDsmYL/PQ/QKnbI35nQ==
  dependencies:
    tslib "^1.8.0"

"@aws-sdk/util-uri-escape@1.0.0-beta.4":
  version "1.0.0-beta.4"
  resolved "https://registry.yarnpkg.com/@aws-sdk/util-uri-escape/-/util-uri-escape-1.0.0-beta.4.tgz#f43cd75aa32c4de4d41b66a4160058e5d75e5a0b"
  integrity sha512-esOHixw50+KedjHB1doemTylD5Tw9w4fLCoHDE24XQfoQlU1zodpZTMF7+cO6FW9kAmpng6Wq6dsc9lWyni52g==
  dependencies:
    tslib "^1.8.0"

"@aws-sdk/util-user-agent-browser@1.0.0-beta.4":
  version "1.0.0-beta.4"
  resolved "https://registry.yarnpkg.com/@aws-sdk/util-user-agent-browser/-/util-user-agent-browser-1.0.0-beta.4.tgz#2f6791003f497e610e1f284c8e2f76f21dd65fec"
  integrity sha512-NoJLqrGEZ7LnVDqLR05Urv8p+hPPtNvc3TR1WFRWjp7tnLW/e2Qlt0eZ0ry3dZpkgaTqdtio9/MXojmVVHwXpg==
  dependencies:
    "@aws-sdk/types" "1.0.0-beta.4"
    tslib "^1.8.0"

"@aws-sdk/util-user-agent-node@1.0.0-beta.4":
  version "1.0.0-beta.4"
  resolved "https://registry.yarnpkg.com/@aws-sdk/util-user-agent-node/-/util-user-agent-node-1.0.0-beta.4.tgz#0b9a35e205d3ea80a7ea686449c05b059f4be7f5"
  integrity sha512-UpL1zV45ZjxDtDYUTZhbtDO3+4r7yKXnRmjJGhdM+0duj0AyhJOngtBJdsX/9YPDf8PrMUrzxm0AO1UAxx7wcw==
  dependencies:
    "@aws-sdk/types" "1.0.0-beta.4"
    tslib "^1.8.0"

"@aws-sdk/util-utf8-browser@1.0.0-beta.2", "@aws-sdk/util-utf8-browser@^1.0.0-alpha.0":
  version "1.0.0-beta.2"
  resolved "https://registry.yarnpkg.com/@aws-sdk/util-utf8-browser/-/util-utf8-browser-1.0.0-beta.2.tgz#20456a061aef77509a2fcfdfb48ddabab39a2909"
  integrity sha512-71qy8bV0L/wFUDdIyOp7T6iMvHV7T2fldlAlfYinun3uigWcQcTgoo6cqsCuoPlDaDsWGLDpnyCzWASEr2aI0A==
  dependencies:
    tslib "^1.8.0"

"@aws-sdk/util-utf8-node@1.0.0-beta.3":
  version "1.0.0-beta.3"
  resolved "https://registry.yarnpkg.com/@aws-sdk/util-utf8-node/-/util-utf8-node-1.0.0-beta.3.tgz#9107fe9c6d66b5544b100ab05be4cb5131f20703"
  integrity sha512-B1UPNrvr0oezJNMM+MpdejaWCEdfbkd88VnGbsXHgCsE72lRqdMfjnm84rqZZQ6ZWB6d6oKu0lzLrFIq3BdTDA==
  dependencies:
    "@aws-sdk/util-buffer-from" "1.0.0-beta.3"
    tslib "^1.8.0"

"@rollup/plugin-json@^4.0.3":
  version "4.0.3"
  resolved "https://registry.yarnpkg.com/@rollup/plugin-json/-/plugin-json-4.0.3.tgz#747e2c2884c5a0fa00b66c9c0f3f1012cddca534"
  integrity sha512-QMUT0HZNf4CX17LMdwaslzlYHUKTYGuuk34yYIgZrNdu+pMEfqMS55gck7HEeHBKXHM4cz5Dg1OVwythDdbbuQ==
  dependencies:
    "@rollup/pluginutils" "^3.0.8"

"@rollup/plugin-node-resolve@^7.1.3":
  version "7.1.3"
  resolved "https://registry.yarnpkg.com/@rollup/plugin-node-resolve/-/plugin-node-resolve-7.1.3.tgz#80de384edfbd7bfc9101164910f86078151a3eca"
  integrity sha512-RxtSL3XmdTAE2byxekYLnx+98kEUOrPHF/KRVjLH+DEIHy6kjIw7YINQzn+NXiH/NTrQLAwYs0GWB+csWygA9Q==
  dependencies:
    "@rollup/pluginutils" "^3.0.8"
    "@types/resolve" "0.0.8"
    builtin-modules "^3.1.0"
    is-module "^1.0.0"
    resolve "^1.14.2"

"@rollup/pluginutils@^3.0.8":
  version "3.0.10"
  resolved "https://registry.yarnpkg.com/@rollup/pluginutils/-/pluginutils-3.0.10.tgz#a659b9025920378494cd8f8c59fbf9b3a50d5f12"
  integrity sha512-d44M7t+PjmMrASHbhgpSbVgtL6EFyX7J4mYxwQ/c5eoaE6N2VgCgEcWVzNnwycIloti+/MpwFr8qfw+nRw00sw==
  dependencies:
    "@types/estree" "0.0.39"
    estree-walker "^1.0.1"
    picomatch "^2.2.2"

"@types/estree@0.0.39":
  version "0.0.39"
  resolved "https://registry.yarnpkg.com/@types/estree/-/estree-0.0.39.tgz#e177e699ee1b8c22d23174caaa7422644389509f"
  integrity sha512-EYNwp3bU+98cpU4lAWYYL7Zz+2gryWH1qbdDTidVd6hkiR6weksdbMadyXKXNPEkQFhXM+hVO9ZygomHXp+AIw==

"@types/node@*":
  version "13.13.5"
  resolved "https://registry.yarnpkg.com/@types/node/-/node-13.13.5.tgz#96ec3b0afafd64a4ccea9107b75bf8489f0e5765"
  integrity sha512-3ySmiBYJPqgjiHA7oEaIo2Rzz0HrOZ7yrNO5HWyaE5q0lQ3BppDZ3N53Miz8bw2I7gh1/zir2MGVZBvpb1zq9g==

"@types/resolve@0.0.8":
  version "0.0.8"
  resolved "https://registry.yarnpkg.com/@types/resolve/-/resolve-0.0.8.tgz#f26074d238e02659e323ce1a13d041eee280e194"
  integrity sha512-auApPaJf3NPfe18hSoJkp8EbZzer2ISk7o8mCC3M9he/a04+gbMF97NkpD2S8riMGvm4BMRI59/SZQSaLTKpsQ==
  dependencies:
    "@types/node" "*"

builtin-modules@^3.1.0:
  version "3.1.0"
  resolved "https://registry.yarnpkg.com/builtin-modules/-/builtin-modules-3.1.0.tgz#aad97c15131eb76b65b50ef208e7584cd76a7484"
  integrity sha512-k0KL0aWZuBt2lrxrcASWDfwOLMnodeQjodT/1SxEQAXsHANgo6ZC/VEaSEHCXt7aSTZ4/4H5LKa+tBXmW7Vtvw==

estree-walker@^1.0.1:
  version "1.0.1"
  resolved "https://registry.yarnpkg.com/estree-walker/-/estree-walker-1.0.1.tgz#31bc5d612c96b704106b477e6dd5d8aa138cb700"
  integrity sha512-1fMXF3YP4pZZVozF8j/ZLfvnR8NSIljt56UhbZ5PeeDmmGHpgpdwQt7ITlGvYaQukCvuBRMLEiKiYC+oeIg4cg==

fast-xml-parser@^3.16.0:
  version "3.16.0"
  resolved "https://registry.yarnpkg.com/fast-xml-parser/-/fast-xml-parser-3.16.0.tgz#d905e7e6b28fc4648cabebcb074363867fb56ee2"
  integrity sha512-U+bpScacfgnfNfIKlWHDu4u6rtOaCyxhblOLJ8sZPkhsjgGqdZmVPBhdOyvdMGCDt8CsAv+cssOP3NzQptNt2w==

fsevents@~2.1.2:
  version "2.1.3"
  resolved "https://registry.yarnpkg.com/fsevents/-/fsevents-2.1.3.tgz#fb738703ae8d2f9fe900c33836ddebee8b97f23e"
  integrity sha512-Auw9a4AxqWpa9GUfj370BMPzzyncfBABW8Mab7BGWBYDj4Isgq+cDKtx0i6u9jcX9pQDnswsaaOTgTmA5pEjuQ==

is-module@^1.0.0:
  version "1.0.0"
  resolved "https://registry.yarnpkg.com/is-module/-/is-module-1.0.0.tgz#3258fb69f78c14d5b815d664336b4cffb6441591"
  integrity sha1-Mlj7afeMFNW4FdZkM2tM/7ZEFZE=

path-parse@^1.0.6:
  version "1.0.6"
  resolved "https://registry.yarnpkg.com/path-parse/-/path-parse-1.0.6.tgz#d62dbb5679405d72c4737ec58600e9ddcf06d24c"
  integrity sha512-GSmOT2EbHrINBf9SR7CDELwlJ8AENk3Qn7OikK4nFYAu3Ote2+JYNVvkpAEQm3/TLNEJFD/xZJjzyxg3KBWOzw==

picomatch@^2.2.2:
  version "2.2.2"
  resolved "https://registry.yarnpkg.com/picomatch/-/picomatch-2.2.2.tgz#21f333e9b6b8eaff02468f5146ea406d345f4dad"
  integrity sha512-q0M/9eZHzmr0AulXyPwNfZjtwZ/RBZlbN3K3CErVrk50T2ASYI7Bye0EvekFY3IP1Nt2DHu0re+V2ZHIpMkuWg==

punycode@1.3.2:
  version "1.3.2"
  resolved "https://registry.yarnpkg.com/punycode/-/punycode-1.3.2.tgz#9653a036fb7c1ee42342f2325cceefea3926c48d"
  integrity sha1-llOgNvt8HuQjQvIyXM7v6jkmxI0=

querystring@0.2.0:
  version "0.2.0"
  resolved "https://registry.yarnpkg.com/querystring/-/querystring-0.2.0.tgz#b209849203bb25df820da756e747005878521620"
  integrity sha1-sgmEkgO7Jd+CDadW50cAWHhSFiA=

resolve@^1.14.2:
  version "1.17.0"
  resolved "https://registry.yarnpkg.com/resolve/-/resolve-1.17.0.tgz#b25941b54968231cc2d1bb76a79cb7f2c0bf8444"
  integrity sha512-ic+7JYiV8Vi2yzQGFWOkiZD5Z9z7O2Zhm9XMaTxdJExKasieFCr+yXZ/WmXsckHiKl12ar0y6XiXDx3m4RHn1w==
  dependencies:
    path-parse "^1.0.6"

rollup@^2.8.2:
  version "2.8.2"
  resolved "https://registry.yarnpkg.com/rollup/-/rollup-2.8.2.tgz#08427a8eb118e6e4ac8d80eba22774bc1d059c81"
  integrity sha512-LRzMcB8V1M69pSvf6uCbR+W9OPCy5FuxcIwqioWg5RKidrrqKbzjJF9pEGXceaMVkbptNFZgIVJlUokCU0sfng==
  optionalDependencies:
    fsevents "~2.1.2"

tslib@^1.8.0, tslib@^1.9.3:
  version "1.11.2"
  resolved "https://registry.yarnpkg.com/tslib/-/tslib-1.11.2.tgz#9c79d83272c9a7aaf166f73915c9667ecdde3cc9"
  integrity sha512-tTSkux6IGPnUGUd1XAZHcpu85MOkIl5zX49pO+jfsie3eP0B6pyhOlLXm3cAC6T7s+euSDDUUV+Acop5WmtkVg==

url@^0.11.0:
  version "0.11.0"
  resolved "https://registry.yarnpkg.com/url/-/url-0.11.0.tgz#3838e97cfc60521eb73c525a8e55bfdd9e2e28f1"
  integrity sha1-ODjpfPxgUh63PFJajlW/3Z4uKPE=
  dependencies:
    punycode "1.3.2"
    querystring "0.2.0"
